
Microsoft Visual Studio Solution File, Format Version 12.00
# Visual Studio Version 17
VisualStudioVersion = 17.7.34009.444
MinimumVisualStudioVersion = 10.0.40219.1
Project("{FAE04EC0-301F-11D3-BF4B-00C04F79EFBC}") = "Lab1", "Lab1\Lab1.csproj", "{845BF807-D018-4B57-9CF1-787188C1A76E}"
EndProject
Global
	GlobalSection(SolutionConfigurationPlatforms) = preSolution
		Debug|Any CPU = Debug|Any CPU
		Release|Any CPU = Release|Any CPU
	EndGlobalSection
	GlobalSection(ProjectConfigurationPlatforms) = postSolution
		{845BF807-D018-4B57-9CF1-787188C1A76E}.Debug|Any CPU.ActiveCfg = Debug|Any CPU
		{845BF807-D018-4B57-9CF1-787188C1A76E}.Debug|Any CPU.Build.0 = Debug|Any CPU
		{845BF807-D018-4B57-9CF1-787188C1A76E}.Release|Any CPU.ActiveCfg = Release|Any CPU
		{845BF807-D018-4B57-9CF1-787188C1A76E}.Release|Any CPU.Build.0 = Release|Any CPU
	EndGlobalSection
	GlobalSection(SolutionProperties) = preSolution
		HideSolutionNode = FALSE
	EndGlobalSection
	GlobalSection(ExtensibilityGlobals) = postSolution
		SolutionGuid = {ADAFF035-DFC7-4CAB-8BDE-3AFED2BE1B17}
	EndGlobalSection
EndGlobal
