
Microsoft Visual Studio Solution File, Format Version 12.00
# Visual Studio Version 17
VisualStudioVersion = 17.7.34009.444
MinimumVisualStudioVersion = 10.0.40219.1
Project("{9A19103F-16F7-4668-BE54-9A1E7A4F7556}") = "Lab6", "Lab6\Lab6.csproj", "{C486D0A7-DAF4-41DE-BB02-238C9D5DC6FE}"
EndProject
Project("{FAE04EC0-301F-11D3-BF4B-00C04F79EFBC}") = "TestProject1", "TestProject1\TestProject1.csproj", "{739BC265-B979-4E99-934B-20654166DBF0}"
EndProject
Global
	GlobalSection(SolutionConfigurationPlatforms) = preSolution
		Debug|Any CPU = Debug|Any CPU
		Release|Any CPU = Release|Any CPU
	EndGlobalSection
	GlobalSection(ProjectConfigurationPlatforms) = postSolution
		{C486D0A7-DAF4-41DE-BB02-238C9D5DC6FE}.Debug|Any CPU.ActiveCfg = Debug|Any CPU
		{C486D0A7-DAF4-41DE-BB02-238C9D5DC6FE}.Debug|Any CPU.Build.0 = Debug|Any CPU
		{C486D0A7-DAF4-41DE-BB02-238C9D5DC6FE}.Release|Any CPU.ActiveCfg = Release|Any CPU
		{C486D0A7-DAF4-41DE-BB02-238C9D5DC6FE}.Release|Any CPU.Build.0 = Release|Any CPU
		{739BC265-B979-4E99-934B-20654166DBF0}.Debug|Any CPU.ActiveCfg = Debug|Any CPU
		{739BC265-B979-4E99-934B-20654166DBF0}.Debug|Any CPU.Build.0 = Debug|Any CPU
		{739BC265-B979-4E99-934B-20654166DBF0}.Release|Any CPU.ActiveCfg = Release|Any CPU
		{739BC265-B979-4E99-934B-20654166DBF0}.Release|Any CPU.Build.0 = Release|Any CPU
	EndGlobalSection
	GlobalSection(SolutionProperties) = preSolution
		HideSolutionNode = FALSE
	EndGlobalSection
	GlobalSection(ExtensibilityGlobals) = postSolution
		SolutionGuid = {1E4C0E52-A07C-4243-BD87-10C68A890095}
	EndGlobalSection
EndGlobal
